
Microsoft Visual Studio Solution File, Format Version 12.00
# Visual Studio 15
Project("{FAE04EC0-301F-11D3-BF4B-00C04F79EFBC}") = "Mocks", "Mocks\Mocks.csproj", "{5C720B1E-C398-41B6-8D91-1B2227394953}"
EndProject
Global
	GlobalSection(SolutionConfigurationPlatforms) = preSolution
		Debug|Any CPU = Debug|Any CPU
		Release|Any CPU = Release|Any CPU
	EndGlobalSection
	GlobalSection(ProjectConfigurationPlatforms) = postSolution
		{5C720B1E-C398-41B6-8D91-1B2227394953}.Debug|Any CPU.ActiveCfg = Debug|Any CPU
		{5C720B1E-C398-41B6-8D91-1B2227394953}.Debug|Any CPU.Build.0 = Debug|Any CPU
		{5C720B1E-C398-41B6-8D91-1B2227394953}.Release|Any CPU.ActiveCfg = Release|Any CPU
		{5C720B1E-C398-41B6-8D91-1B2227394953}.Release|Any CPU.Build.0 = Release|Any CPU
	EndGlobalSection
EndGlobal
